name: Temporary mouse target patch

on:
  push:
    branches: [tmp/mouse-target-lock]

permissions:
  contents: write

jobs:
  patch:
    runs-on: ubuntu-24.04
    steps:
      - uses: actions/checkout@v4
        with:
          ref: tmp/mouse-target-lock
          fetch-depth: 0
      - name: Patch target selector handling
        shell: bash
        run: |
          set -euo pipefail
          if git log -1 --pretty=%s | grep -q '^Handle locked mouse target selectors$'; then
            exit 0
          fi
          echo 'ZnJvbSBwYXRobGliIGltcG9ydCBQYXRoCnAgPSBQYXRoKCJhcHAvc3JjL21haW4uYyIpCnMgPSBwLnJlYWRfdGV4dCgpCgpvbGQgPSAiIiJzdGF0aWMgaW50IHNuYXBzaG90X3VuaXRfbW91c2VfdGFyZ2V0KAogICAgY29uc3QgRmU4U25hcHNob3QgKnNuYXBzaG90LCBpbnQgeCwgaW50IHkpIHsKICAgIHNpemVfdCBvZmZzZXQ7CiAgICBpZiAoIXNuYXBzaG90IHx8ICFzbmFwc2hvdC0+YWN0aXZlX3VuaXRfYWRkcmVzcyB8fAogICAgICAgICAgICAhKHNuYXBzaG90LT5mbGFncyAmIEZFOF9TTkFQU0hPVF9VTklUX01BUCkgfHwKICAgICAgICAgICAgeCA8IDAgfHwgeSA8IDAgfHwgeCA+PSBzbmFwc2hvdC0+bWFwX3dpZHRoIHx8IHkgPj0gc25hcHNob3QtPm1hcF9oZWlnaHQpCiAgICAgICAgcmV0dXJuIDA7CiAgICBvZmZzZXQgPSAoc2l6ZV90KXkgKiBzbmFwc2hvdC0+bWFwX3dpZHRoICsgeDsKICAgIHJldHVybiBzbmFwc2hvdC0+dW5pdF9tYXBbb2Zmc2V0XSAhPSAwOwp9CiIiIgpuZXcgPSAiIiJzdGF0aWMgaW50IHNuYXBzaG90X3VuaXRfbW91c2VfdGFyZ2V0KAogICAgY29uc3QgRmU4U25hcHNob3QgKnNuYXBzaG90LCBpbnQgeCwgaW50IHkpIHsKICAgIHNpemVfdCBvZmZzZXQ7CiAgICBpZiAoIXNuYXBzaG90IHx8ICFzbmFwc2hvdC0+YWN0aXZlX3VuaXRfYWRkcmVzcyB8fAogICAgICAgICAgICAhKHNuYXBzaG90LT5mbGFncyAmIEZFOF9TTkFQU0hPVF9VTklUX01BUCkgfHwKICAgICAgICAgICAgeCA8IDAgfHwgeSA8IDAgfHwgeCA+PSBzbmFwc2hvdC0+bWFwX3dpZHRoIHx8IHkgPj0gc25hcHNob3QtPm1hcF9oZWlnaHQpCiAgICAgICAgcmV0dXJuIDA7CiAgICBvZmZzZXQgPSAoc2l6ZV90KXkgKiBzbmFwc2hvdC0+bWFwX3dpZHRoICsgeDsKICAgIHJldHVybiBzbmFwc2hvdC0+dW5pdF9tYXBbb2Zmc2V0XSAhPSAwOwp9CgpzdGF0aWMgaW50IHNuYXBzaG90X2xvY2tlZF91bml0X21vdXNlX3RhcmdldCgKICAgIGNvbnN0IEZlOFNuYXBzaG90ICpzbmFwc2hvdCwgaW50IHgsIGludCB5KSB7CiAgICBzaXplX3Qgb2Zmc2V0OwogICAgaWYgKCFzbmFwc2hvdF91bml0X21vdXNlX3RhcmdldChzbmFwc2hvdCwgeCwgeSkgfHwKICAgICAgICAgICAgIShzbmFwc2hvdC0+Z2FtZV9zdGF0ZV9iaXRzICYgMSkgfHwKICAgICAgICAgICAgIShzbmFwc2hvdC0+ZmxhZ3MgJiBGRThfU05BUFNIT1RfUkFOR0UpKQogICAgICAgIHJldHVybiAwOwogICAgb2Zmc2V0ID0gKHNpemVfdCl5ICogc25hcHNob3QtPm1hcF93aWR0aCArIHg7CiAgICByZXR1cm4gc25hcHNob3QtPnJhbmdlW29mZnNldF0gIT0gMDsKfQoiIiIKYXNzZXJ0IHMuY291bnQob2xkKSA9PSAxLCBmInVuaXQgaGVscGVyIGNvdW50PXtzLmNvdW50KG9sZCl9IgpzID0gcy5yZXBsYWNlKG9sZCwgbmV3LCAxKQoKb2xkID0gIiIiICAgICAgICAgICAgfSBlbHNlIGlmIChldmVudC50eXBlID09IFNETF9NT1VTRUJVVFRPTkRPV04gJiYKICAgICAgICAgICAgICAgICAgICBldmVudC5idXR0b24uYnV0dG9uID09IFNETF9CVVRUT05fUklHSFQgJiYgc2V0dGluZ3MubW91c2VfZW5hYmxlZCkgewogICAgICAgICAgICAgICAgZmU4X21vdXNlX3F1ZXVlX3B1bHNlKCZtb3VzZSwgVUlOVDMyX0MoMSkgPDwgRkU4X0hPU1RfQik7CiIiIgpuZXcgPSAiIiIgICAgICAgICAgICB9IGVsc2UgaWYgKGV2ZW50LnR5cGUgPT0gU0RMX01PVVNFQlVUVE9ORE9XTiAmJgogICAgICAgICAgICAgICAgICAgIGV2ZW50LmJ1dHRvbi5idXR0b24gPT0gU0RMX0JVVFRPTl9SSUdIVCAmJiBzZXR0aW5ncy5tb3VzZV9lbmFibGVkKSB7CiAgICAgICAgICAgICAgICAvKiBBIGNhbmNlbCBjbGljayBtdXN0IHByZWVtcHQgbWVudS9wb2ludGVyIG5hdmlnYXRpb24gYWxyZWFkeSBxdWV1ZWQuICovCiAgICAgICAgICAgICAgICBmZThfbW91c2VfY2FuY2VsKCZtb3VzZSk7CiAgICAgICAgICAgICAgICBmZThfbW91c2VfcXVldWVfcHVsc2UoJm1vdXNlLCBVSU5UMzJfQygxKSA8PCBGRThfSE9TVF9CKTsKIiIiCmFzc2VydCBzLmNvdW50KG9sZCkgPT0gMSwgZiJyaWdodCBjbGljayBjb3VudD17cy5jb3VudChvbGQpfSIKcyA9IHMucmVwbGFjZShvbGQsIG5ldywgMSkKCm9sZCA9ICIiIiAgICAgICAgICAgICAgICBpZiAoc25hcHNob3RfdmFsaWQgJiYgdmlzdWFsX3Byb2ZpbGVfYWN0aXZlICYmCiAgICAgICAgICAgICAgICAgICAgICAgIHNuYXBzaG90LmlucHV0X2xvY2sgPT0gMCkgewoiIiIKbmV3ID0gIiIiICAgICAgICAgICAgICAgIGlmIChzbmFwc2hvdF92YWxpZCAmJiB2aXN1YWxfcHJvZmlsZV9hY3RpdmUgJiYKICAgICAgICAgICAgICAgICAgICAgICAgKHNuYXBzaG90LmlucHV0X2xvY2sgPT0gMCB8fAogICAgICAgICAgICAgICAgICAgICAgICAgICAgKCFzaGlmdCAmJiBzbmFwc2hvdC5waGFzZSA9PSAwICYmCiAgICAgICAgICAgICAgICAgICAgICAgICAgICAgICAgc25hcHNob3QuYWN0aXZlX3VuaXRfYWRkcmVzcyAmJgogICAgICAgICAgICAgICAgICAgICAgICAgICAgICAgIChzbmFwc2hvdC5nYW1lX3N0YXRlX2JpdHMgJiAxKSAmJgogICAgICAgICAgICAgICAgICAgICAgICAgICAgICAgIChzbmFwc2hvdC5mbGFncyAmIEZFOF9TTkFQU0hPVF9SQU5HRSkpKSkgewoiIiIKYXNzZXJ0IHMuY291bnQob2xkKSA9PSAxLCBmImxlZnQgY2xpY2sgZ2F0ZSBjb3VudD17cy5jb3VudChvbGQpfSIKcyA9IHMucmVwbGFjZShvbGQsIG5ldywgMSkKCm9sZCA9ICIiIiAgICAgICAgICAgICAgICAgICAgICAgIGlmIChmZThfY2FudmFzX3RvX21hcF90aWxlKCZtYXBfc3RhdGUsIHZpZXdwb3J0LAogICAgICAgICAgICAgICAgICAgICAgICAgICAgICAgIGNhbnZhc194LCBjYW52YXNfeSwgJm1hcF94LCAmbWFwX3kpKSB7CiAgICAgICAgICAgICAgICAgICAgICAgICAgICBwb2ludGVyX2NhbnZhc192YWxpZCA9IDE7CiIiIgpuZXcgPSAiIiIgICAgICAgICAgICAgICAgICAgICAgICBpZiAoZmU4X2NhbnZhc190b19tYXBfdGlsZSgmbWFwX3N0YXRlLCB2aWV3cG9ydCwKICAgICAgICAgICAgICAgICAgICAgICAgICAgICAgICBjYW52YXNfeCwgY2FudmFzX3ksICZtYXBfeCwgJm1hcF95KSkgewogICAgICAgICAgICAgICAgICAgICAgICAgICAgLyogVGFyZ2V0IHNlbGVjdG9ycyBjYW4gaG9sZCB0aGUgbm9ybWFsIG1hcC1pbnB1dCBsb2NrLgogICAgICAgICAgICAgICAgICAgICAgICAgICAgICAgT25seSBieXBhc3MgdGhhdCBsb2NrIGZvciBhbiBvY2N1cGllZCB0aWxlIGluIEZFOCdzCiAgICAgICAgICAgICAgICAgICAgICAgICAgICAgICBsaXZlIHRhcmdldCByYW5nZTsgb3RoZXIgbG9ja2VkIGNsaWNrcyBzdGF5IG5hdGl2ZSBBLiAqLwogICAgICAgICAgICAgICAgICAgICAgICAgICAgaWYgKHNuYXBzaG90LmlucHV0X2xvY2sgIT0gMCAmJgogICAgICAgICAgICAgICAgICAgICAgICAgICAgICAgICAgICAhc25hcHNob3RfbG9ja2VkX3VuaXRfbW91c2VfdGFyZ2V0KAogICAgICAgICAgICAgICAgICAgICAgICAgICAgICAgICAgICAgICAgJnNuYXBzaG90LCBtYXBfeCwgbWFwX3kpKSB7CiAgICAgICAgICAgICAgICAgICAgICAgICAgICAgICAgZmU4X21vdXNlX3F1ZXVlX3B1bHNlKAogICAgICAgICAgICAgICAgICAgICAgICAgICAgICAgICAgICAmbW91c2UsIFVJTlQzMl9DKDEpIDw8IEZFOF9IT1NUX0EpOwogICAgICAgICAgICAgICAgICAgICAgICAgICAgICAgIG5hdGl2ZV9wb2ludGVyX3ZhbGlkID0gMDsKICAgICAgICAgICAgICAgICAgICAgICAgICAgICAgICBmcHJpbnRmKHN0ZGVyciwKICAgICAgICAgICAgICAgICAgICAgICAgICAgICAgICAgICAgIk1vdXNlIGxlZnQtY2xpY2s6IEEgcXVldWVkIGZvciBuYXRpdmUgVUlcbiIpOwogICAgICAgICAgICAgICAgICAgICAgICAgICAgICAgIGNvbnRpbnVlOwogICAgICAgICAgICAgICAgICAgICAgICAgICAgfQogICAgICAgICAgICAgICAgICAgICAgICAgICAgcG9pbnRlcl9jYW52YXNfdmFsaWQgPSAxOwoiIiIKYXNzZXJ0IHMuY291bnQob2xkKSA9PSAxLCBmIm1hcCBjbGljayBjb3VudD17cy5jb3VudChvbGQpfSIKcyA9IHMucmVwbGFjZShvbGQsIG5ldywgMSkKCnAud3JpdGVfdGV4dChzKQo=' | base64 -d > /tmp/patch-mouse-target.py
          python3 /tmp/patch-mouse-target.py
          git diff --check
          git config user.name github-actions[bot]
          git config user.email 41898282+github-actions[bot]@users.noreply.github.com
          git add app/src/main.c
          git commit -m 'Handle locked mouse target selectors'
          git push origin HEAD:tmp/mouse-target-lock
